
Microsoft Visual Studio Solution File, Format Version 12.00
# Visual Studio Version 17
VisualStudioVersion = 17.9.34723.18
MinimumVisualStudioVersion = 10.0.40219.1
Project("{FAE04EC0-301F-11D3-BF4B-00C04F79EFBC}") = "CustomerSuppChatApp", "CustomerSuppChatApp.csproj", "{8FC4CBE5-9081-4E8B-B10A-5007C3F3D15C}"
EndProject
Global
	GlobalSection(SolutionConfigurationPlatforms) = preSolution
		Debug|Any CPU = Debug|Any CPU
		Release|Any CPU = Release|Any CPU
	EndGlobalSection
	GlobalSection(ProjectConfigurationPlatforms) = postSolution
		{8FC4CBE5-9081-4E8B-B10A-5007C3F3D15C}.Debug|Any CPU.ActiveCfg = Debug|Any CPU
		{8FC4CBE5-9081-4E8B-B10A-5007C3F3D15C}.Debug|Any CPU.Build.0 = Debug|Any CPU
		{8FC4CBE5-9081-4E8B-B10A-5007C3F3D15C}.Release|Any CPU.ActiveCfg = Release|Any CPU
		{8FC4CBE5-9081-4E8B-B10A-5007C3F3D15C}.Release|Any CPU.Build.0 = Release|Any CPU
	EndGlobalSection
	GlobalSection(SolutionProperties) = preSolution
		HideSolutionNode = FALSE
	EndGlobalSection
	GlobalSection(ExtensibilityGlobals) = postSolution
		SolutionGuid = {81A46962-B33D-4857-8997-BF67E95B0C0A}
	EndGlobalSection
EndGlobal
