
Microsoft Visual Studio Solution File, Format Version 12.00
# Visual Studio Version 17
VisualStudioVersion = 17.9.34723.18
MinimumVisualStudioVersion = 10.0.40219.1
Project("{FAE04EC0-301F-11D3-BF4B-00C04F79EFBC}") = "SignalR", "SignalR.csproj", "{0D4EDCCE-A208-464F-8862-B2930A9EF25B}"
EndProject
Global
	GlobalSection(SolutionConfigurationPlatforms) = preSolution
		Debug|Any CPU = Debug|Any CPU
		Release|Any CPU = Release|Any CPU
	EndGlobalSection
	GlobalSection(ProjectConfigurationPlatforms) = postSolution
		{0D4EDCCE-A208-464F-8862-B2930A9EF25B}.Debug|Any CPU.ActiveCfg = Debug|Any CPU
		{0D4EDCCE-A208-464F-8862-B2930A9EF25B}.Debug|Any CPU.Build.0 = Debug|Any CPU
		{0D4EDCCE-A208-464F-8862-B2930A9EF25B}.Release|Any CPU.ActiveCfg = Release|Any CPU
		{0D4EDCCE-A208-464F-8862-B2930A9EF25B}.Release|Any CPU.Build.0 = Release|Any CPU
	EndGlobalSection
	GlobalSection(SolutionProperties) = preSolution
		HideSolutionNode = FALSE
	EndGlobalSection
	GlobalSection(ExtensibilityGlobals) = postSolution
		SolutionGuid = {879CC960-5167-45EA-B7CF-35D049F395E8}
	EndGlobalSection
EndGlobal
